
Microsoft Visual Studio Solution File, Format Version 12.00
# Visual Studio Version 17
VisualStudioVersion = 17.0.31903.59
MinimumVisualStudioVersion = 10.0.40219.1
Project("{2150E333-8FDC-42A3-9474-1A3956D46DE8}") = "src", "src", "{8A17FF34-E96B-4720-9893-F48427C25921}"
EndProject
Project("{FAE04EC0-301F-11D3-BF4B-00C04F79EFBC}") = "AuctionService", "src\AuctionService\AuctionService.csproj", "{556F28B2-4769-4165-8344-DBBAE8D915E5}"
EndProject
Global
	GlobalSection(SolutionConfigurationPlatforms) = preSolution
		Debug|Any CPU = Debug|Any CPU
		Release|Any CPU = Release|Any CPU
	EndGlobalSection
	GlobalSection(SolutionProperties) = preSolution
		HideSolutionNode = FALSE
	EndGlobalSection
	GlobalSection(ProjectConfigurationPlatforms) = postSolution
		{556F28B2-4769-4165-8344-DBBAE8D915E5}.Debug|Any CPU.ActiveCfg = Debug|Any CPU
		{556F28B2-4769-4165-8344-DBBAE8D915E5}.Debug|Any CPU.Build.0 = Debug|Any CPU
		{556F28B2-4769-4165-8344-DBBAE8D915E5}.Release|Any CPU.ActiveCfg = Release|Any CPU
		{556F28B2-4769-4165-8344-DBBAE8D915E5}.Release|Any CPU.Build.0 = Release|Any CPU
	EndGlobalSection
	GlobalSection(NestedProjects) = preSolution
		{556F28B2-4769-4165-8344-DBBAE8D915E5} = {8A17FF34-E96B-4720-9893-F48427C25921}
	EndGlobalSection
EndGlobal
